// !$*UTF8*$!
{
	archiveVersion = 1;
	classes = {
	};
	objectVersion = 50;
	objects = {

/* Begin PBXBuildFile section */
		06191DCE26417B130068A4BC /* WeatherApp.swift in Sources */ = {isa = PBXBuildFile; fileRef = 06191DCD26417B130068A4BC /* WeatherApp.swift */; };
		06191DD026417B130068A4BC /* ContentView.swift in Sources */ = {isa = PBXBuildFile; fileRef = 06191DCF26417B130068A4BC /* ContentView.swift */; };
		06191DD226417B170068A4BC /* Assets.xcassets in Resources */ = {isa = PBXBuildFile; fileRef = 06191DD126417B170068A4BC /* Assets.xcassets */; };
		06191DD526417B170068A4BC /* Preview Assets.xcassets in Resources */ = {isa = PBXBuildFile; fileRef = 06191DD426417B170068A4BC /* Preview Assets.xcassets */; };
		06191DDE264180520068A4BC /* WeatherModel.swift in Sources */ = {isa = PBXBuildFile; fileRef = 06191DDD264180520068A4BC /* WeatherModel.swift */; };
		06191DE1264181790068A4BC /* WeatherViewModel.swift in Sources */ = {isa = PBXBuildFile; fileRef = 06191DE0264181790068A4BC /* WeatherViewModel.swift */; };
		BF702097267161E5000E4D1D /* WeatherNavigationView.swift in Sources */ = {isa = PBXBuildFile; fileRef = BF702096267161E5000E4D1D /* WeatherNavigationView.swift */; };
		BFB348AE266E8E540075CA0D /* MetaWeatherResponse.swift in Sources */ = {isa = PBXBuildFile; fileRef = BFB348AD266E8E540075CA0D /* MetaWeatherResponse.swift */; };
		BFB348B0266E8EAC0075CA0D /* MetaWeatherFetcher.swift in Sources */ = {isa = PBXBuildFile; fileRef = BFB348AF266E8EAC0075CA0D /* MetaWeatherFetcher.swift */; };
		BFB348B2266E9CEB0075CA0D /* LocationFetcher.swift in Sources */ = {isa = PBXBuildFile; fileRef = BFB348B1266E9CEB0075CA0D /* LocationFetcher.swift */; };
		BFB348B4266E9E070075CA0D /* LocationResponse.swift in Sources */ = {isa = PBXBuildFile; fileRef = BFB348B3266E9E070075CA0D /* LocationResponse.swift */; };
/* End PBXBuildFile section */

/* Begin PBXFileReference section */
		06191DCA26417B130068A4BC /* Weather.app */ = {isa = PBXFileReference; explicitFileType = wrapper.application; includeInIndex = 0; path = Weather.app; sourceTree = BUILT_PRODUCTS_DIR; };
		06191DCD26417B130068A4BC /* WeatherApp.swift */ = {isa = PBXFileReference; lastKnownFileType = sourcecode.swift; path = WeatherApp.swift; sourceTree = "<group>"; };
		06191DCF26417B130068A4BC /* ContentView.swift */ = {isa = PBXFileReference; lastKnownFileType = sourcecode.swift; path = ContentView.swift; sourceTree = "<group>"; };
		06191DD126417B170068A4BC /* Assets.xcassets */ = {isa = PBXFileReference; lastKnownFileType = folder.assetcatalog; path = Assets.xcassets; sourceTree = "<group>"; };
		06191DD426417B170068A4BC /* Preview Assets.xcassets */ = {isa = PBXFileReference; lastKnownFileType = folder.assetcatalog; path = "Preview Assets.xcassets"; sourceTree = "<group>"; };
		06191DD626417B170068A4BC /* Info.plist */ = {isa = PBXFileReference; lastKnownFileType = text.plist.xml; path = Info.plist; sourceTree = "<group>"; };
		06191DDD264180520068A4BC /* WeatherModel.swift */ = {isa = PBXFileReference; lastKnownFileType = sourcecode.swift; path = WeatherModel.swift; sourceTree = "<group>"; };
		06191DE0264181790068A4BC /* WeatherViewModel.swift */ = {isa = PBXFileReference; lastKnownFileType = sourcecode.swift; path = WeatherViewModel.swift; sourceTree = "<group>"; };
		BF702096267161E5000E4D1D /* WeatherNavigationView.swift */ = {isa = PBXFileReference; lastKnownFileType = sourcecode.swift; path = WeatherNavigationView.swift; sourceTree = "<group>"; };
		BFB348AD266E8E540075CA0D /* MetaWeatherResponse.swift */ = {isa = PBXFileReference; lastKnownFileType = sourcecode.swift; path = MetaWeatherResponse.swift; sourceTree = "<group>"; };
		BFB348AF266E8EAC0075CA0D /* MetaWeatherFetcher.swift */ = {isa = PBXFileReference; lastKnownFileType = sourcecode.swift; path = MetaWeatherFetcher.swift; sourceTree = "<group>"; };
		BFB348B1266E9CEB0075CA0D /* LocationFetcher.swift */ = {isa = PBXFileReference; lastKnownFileType = sourcecode.swift; path = LocationFetcher.swift; sourceTree = "<group>"; };
		BFB348B3266E9E070075CA0D /* LocationResponse.swift */ = {isa = PBXFileReference; lastKnownFileType = sourcecode.swift; path = LocationResponse.swift; sourceTree = "<group>"; };
/* End PBXFileReference section */

/* Begin PBXFrameworksBuildPhase section */
		06191DC726417B130068A4BC /* Frameworks */ = {
			isa = PBXFrameworksBuildPhase;
			buildActionMask = 2147483647;
			files = (
			);
			runOnlyForDeploymentPostprocessing = 0;
		};
/* End PBXFrameworksBuildPhase section */

/* Begin PBXGroup section */
		06191DC126417B130068A4BC = {
			isa = PBXGroup;
			children = (
				06191DCC26417B130068A4BC /* Weather */,
				06191DCB26417B130068A4BC /* Products */,
			);
			sourceTree = "<group>";
		};
		06191DCB26417B130068A4BC /* Products */ = {
			isa = PBXGroup;
			children = (
				06191DCA26417B130068A4BC /* Weather.app */,
			);
			name = Products;
			sourceTree = "<group>";
		};
		06191DCC26417B130068A4BC /* Weather */ = {
			isa = PBXGroup;
			children = (
				06191DCD26417B130068A4BC /* WeatherApp.swift */,
				06191DCF26417B130068A4BC /* ContentView.swift */,
				06191DDD264180520068A4BC /* WeatherModel.swift */,
				06191DE0264181790068A4BC /* WeatherViewModel.swift */,
				06191DD626417B170068A4BC /* Info.plist */,
				BFB348AD266E8E540075CA0D /* MetaWeatherResponse.swift */,
				BFB348AF266E8EAC0075CA0D /* MetaWeatherFetcher.swift */,
				06191DD126417B170068A4BC /* Assets.xcassets */,
				06191DD326417B170068A4BC /* Preview Content */,
				BFB348B1266E9CEB0075CA0D /* LocationFetcher.swift */,
				BFB348B3266E9E070075CA0D /* LocationResponse.swift */,
				BF702096267161E5000E4D1D /* WeatherNavigationView.swift */,
			);
			path = Weather;
			sourceTree = "<group>";
		};
		06191DD326417B170068A4BC /* Preview Content */ = {
			isa = PBXGroup;
			children = (
				06191DD426417B170068A4BC /* Preview Assets.xcassets */,
			);
			path = "Preview Content";
			sourceTree = "<group>";
		};
/* End PBXGroup section */

/* Begin PBXNativeTarget section */
		06191DC926417B130068A4BC /* Weather */ = {
			isa = PBXNativeTarget;
			buildConfigurationList = 06191DD926417B170068A4BC /* Build configuration list for PBXNativeTarget "Weather" */;
			buildPhases = (
				06191DC626417B130068A4BC /* Sources */,
				06191DC726417B130068A4BC /* Frameworks */,
				06191DC826417B130068A4BC /* Resources */,
			);
			buildRules = (
			);
			dependencies = (
			);
			name = Weather;
			productName = Weather;
			productReference = 06191DCA26417B130068A4BC /* Weather.app */;
			productType = "com.apple.product-type.application";
		};
/* End PBXNativeTarget section */

/* Begin PBXProject section */
		06191DC226417B130068A4BC /* Project object */ = {
			isa = PBXProject;
			attributes = {
				LastSwiftUpdateCheck = 1240;
				LastUpgradeCheck = 1240;
				TargetAttributes = {
					06191DC926417B130068A4BC = {
						CreatedOnToolsVersion = 12.4;
					};
				};
			};
			buildConfigurationList = 06191DC526417B130068A4BC /* Build configuration list for PBXProject "Weather" */;
			compatibilityVersion = "Xcode 9.3";
			developmentRegion = en;
			hasScannedForEncodings = 0;
			knownRegions = (
				en,
				Base,
			);
			mainGroup = 06191DC126417B130068A4BC;
			productRefGroup = 06191DCB26417B130068A4BC /* Products */;
			projectDirPath = "";
			projectRoot = "";
			targets = (
				06191DC926417B130068A4BC /* Weather */,
			);
		};
/* End PBXProject section */

/* Begin PBXResourcesBuildPhase section */
		06191DC826417B130068A4BC /* Resources */ = {
			isa = PBXResourcesBuildPhase;
			buildActionMask = 2147483647;
			files = (
				06191DD526417B170068A4BC /* Preview Assets.xcassets in Resources */,
				06191DD226417B170068A4BC /* Assets.xcassets in Resources */,
			);
			runOnlyForDeploymentPostprocessing = 0;
		};
/* End PBXResourcesBuildPhase section */

/* Begin PBXSourcesBuildPhase section */
		06191DC626417B130068A4BC /* Sources */ = {
			isa = PBXSourcesBuildPhase;
			buildActionMask = 2147483647;
			files = (
				06191DD026417B130068A4BC /* ContentView.swift in Sources */,
				BFB348B4266E9E070075CA0D /* LocationResponse.swift in Sources */,
				BFB348B0266E8EAC0075CA0D /* MetaWeatherFetcher.swift in Sources */,
				BFB348AE266E8E540075CA0D /* MetaWeatherResponse.swift in Sources */,
				BFB348B2266E9CEB0075CA0D /* LocationFetcher.swift in Sources */,
				06191DE1264181790068A4BC /* WeatherViewModel.swift in Sources */,
				06191DDE264180520068A4BC /* WeatherModel.swift in Sources */,
				06191DCE26417B130068A4BC /* WeatherApp.swift in Sources */,
				BF702097267161E5000E4D1D /* WeatherNavigationView.swift in Sources */,
			);
			runOnlyForDeploymentPostprocessing = 0;
		};
/* End PBXSourcesBuildPhase section */

/* Begin XCBuildConfiguration section */
		06191DD726417B170068A4BC /* Debug */ = {
			isa = XCBuildConfiguration;
			buildSettings = {
				ALWAYS_SEARCH_USER_PATHS = NO;
				CLANG_ANALYZER_NONNULL = YES;
				CLANG_ANALYZER_NUMBER_OBJECT_CONVERSION = YES_AGGRESSIVE;
				CLANG_CXX_LANGUAGE_STANDARD = "gnu++14";
				CLANG_CXX_LIBRARY = "libc++";
				CLANG_ENABLE_MODULES = YES;
				CLANG_ENABLE_OBJC_ARC = YES;
				CLANG_ENABLE_OBJC_WEAK = YES;
				CLANG_WARN_BLOCK_CAPTURE_AUTORELEASING = YES;
				CLANG_WARN_BOOL_CONVERSION = YES;
				CLANG_WARN_COMMA = YES;
				CLANG_WARN_CONSTANT_CONVERSION = YES;
				CLANG_WARN_DEPRECATED_OBJC_IMPLEMENTATIONS = YES;
				CLANG_WARN_DIRECT_OBJC_ISA_USAGE = YES_ERROR;
				CLANG_WARN_DOCUMENTATION_COMMENTS = YES;
				CLANG_WARN_EMPTY_BODY = YES;
				CLANG_WARN_ENUM_CONVERSION = YES;
				CLANG_WARN_INFINITE_RECURSION = YES;
				CLANG_WARN_INT_CONVERSION = YES;
				CLANG_WARN_NON_LITERAL_NULL_CONVERSION = YES;
				CLANG_WARN_OBJC_IMPLICIT_RETAIN_SELF = YES;
				CLANG_WARN_OBJC_LITERAL_CONVERSION = YES;
				CLANG_WARN_OBJC_ROOT_CLASS = YES_ERROR;
				CLANG_WARN_QUOTED_INCLUDE_IN_FRAMEWORK_HEADER = YES;
				CLANG_WARN_RANGE_LOOP_ANALYSIS = YES;
				CLANG_WARN_STRICT_PROTOTYPES = YES;
				CLANG_WARN_SUSPICIOUS_MOVE = YES;
				CLANG_WARN_UNGUARDED_AVAILABILITY = YES_AGGRESSIVE;
				CLANG_WARN_UNREACHABLE_CODE = YES;
				CLANG_WARN__DUPLICATE_METHOD_MATCH = YES;
				COPY_PHASE_STRIP = NO;
				DEBUG_INFORMATION_FORMAT = dwarf;
				ENABLE_STRICT_OBJC_MSGSEND = YES;
				ENABLE_TESTABILITY = YES;
				GCC_C_LANGUAGE_STANDARD = gnu11;
				GCC_DYNAMIC_NO_PIC = NO;
				GCC_NO_COMMON_BLOCKS = YES;
				GCC_OPTIMIZATION_LEVEL = 0;
				GCC_PREPROCESSOR_DEFINITIONS = (
					"DEBUG=1",
					"$(inherited)",
				);
				GCC_WARN_64_TO_32_BIT_CONVERSION = YES;
				GCC_WARN_ABOUT_RETURN_TYPE = YES_ERROR;
				GCC_WARN_UNDECLARED_SELECTOR = YES;
				GCC_WARN_UNINITIALIZED_AUTOS = YES_AGGRESSIVE;
				GCC_WARN_UNUSED_FUNCTION = YES;
				GCC_WARN_UNUSED_VARIABLE = YES;
				IPHONEOS_DEPLOYMENT_TARGET = 14.4;
				MTL_ENABLE_DEBUG_INFO = INCLUDE_SOURCE;
				MTL_FAST_MATH = YES;
				ONLY_ACTIVE_ARCH = YES;
				SDKROOT = iphoneos;
				SWIFT_ACTIVE_COMPILATION_CONDITIONS = DEBUG;
				SWIFT_OPTIMIZATION_LEVEL = "-Onone";
			};
			name = Debug;
		};
		06191DD826417B170068A4BC /* Release */ = {
			isa = XCBuildConfiguration;
			buildSettings = {
				ALWAYS_SEARCH_USER_PATHS = NO;
				CLANG_ANALYZER_NONNULL = YES;
				CLANG_ANALYZER_NUMBER_OBJECT_CONVERSION = YES_AGGRESSIVE;
				CLANG_CXX_LANGUAGE_STANDARD = "gnu++14";
				CLANG_CXX_LIBRARY = "libc++";
				CLANG_ENABLE_MODULES = YES;
				CLANG_ENABLE_OBJC_ARC = YES;
				CLANG_ENABLE_OBJC_WEAK = YES;
				CLANG_WARN_BLOCK_CAPTURE_AUTORELEASING = YES;
				CLANG_WARN_BOOL_CONVERSION = YES;
				CLANG_WARN_COMMA = YES;
				CLANG_WARN_CONSTANT_CONVERSION = YES;
				CLANG_WARN_DEPRECATED_OBJC_IMPLEMENTATIONS = YES;
				CLANG_WARN_DIRECT_OBJC_ISA_USAGE = YES_ERROR;
				CLANG_WARN_DOCUMENTATION_COMMENTS = YES;
				CLANG_WARN_EMPTY_BODY = YES;
				CLANG_WARN_ENUM_CONVERSION = YES;
				CLANG_WARN_INFINITE_RECURSION = YES;
				CLANG_WARN_INT_CONVERSION = YES;
				CLANG_WARN_NON_LITERAL_NULL_CONVERSION = YES;
				CLANG_WARN_OBJC_IMPLICIT_RETAIN_SELF = YES;
				CLANG_WARN_OBJC_LITERAL_CONVERSION = YES;
				CLANG_WARN_OBJC_ROOT_CLASS = YES_ERROR;
				CLANG_WARN_QUOTED_INCLUDE_IN_FRAMEWORK_HEADER = YES;
				CLANG_WARN_RANGE_LOOP_ANALYSIS = YES;
				CLANG_WARN_STRICT_PROTOTYPES = YES;
				CLANG_WARN_SUSPICIOUS_MOVE = YES;
				CLANG_WARN_UNGUARDED_AVAILABILITY = YES_AGGRESSIVE;
				CLANG_WARN_UNREACHABLE_CODE = YES;
				CLANG_WARN__DUPLICATE_METHOD_MATCH = YES;
				COPY_PHASE_STRIP = NO;
				DEBUG_INFORMATION_FORMAT = "dwarf-with-dsym";
				ENABLE_NS_ASSERTIONS = NO;
				ENABLE_STRICT_OBJC_MSGSEND = YES;
				GCC_C_LANGUAGE_STANDARD = gnu11;
				GCC_NO_COMMON_BLOCKS = YES;
				GCC_WARN_64_TO_32_BIT_CONVERSION = YES;
				GCC_WARN_ABOUT_RETURN_TYPE = YES_ERROR;
				GCC_WARN_UNDECLARED_SELECTOR = YES;
				GCC_WARN_UNINITIALIZED_AUTOS = YES_AGGRESSIVE;
				GCC_WARN_UNUSED_FUNCTION = YES;
				GCC_WARN_UNUSED_VARIABLE = YES;
				IPHONEOS_DEPLOYMENT_TARGET = 14.4;
				MTL_ENABLE_DEBUG_INFO = NO;
				MTL_FAST_MATH = YES;
				SDKROOT = iphoneos;
				SWIFT_COMPILATION_MODE = wholemodule;
				SWIFT_OPTIMIZATION_LEVEL = "-O";
				VALIDATE_PRODUCT = YES;
			};
			name = Release;
		};
		06191DDA26417B170068A4BC /* Debug */ = {
			isa = XCBuildConfiguration;
			buildSettings = {
				ASSETCATALOG_COMPILER_APPICON_NAME = AppIcon;
				ASSETCATALOG_COMPILER_GLOBAL_ACCENT_COLOR_NAME = AccentColor;
				CODE_SIGN_STYLE = Automatic;
				DEVELOPMENT_ASSET_PATHS = "\"Weather/Preview Content\"";
				ENABLE_PREVIEWS = YES;
				INFOPLIST_FILE = Weather/Info.plist;
				IPHONEOS_DEPLOYMENT_TARGET = 14.0;
				LD_RUNPATH_SEARCH_PATHS = (
					"$(inherited)",
					"@executable_path/Frameworks",
				);
				PRODUCT_BUNDLE_IDENTIFIER = "radoslaw-mikolajczyk.Weather";
				PRODUCT_NAME = "$(TARGET_NAME)";
				SWIFT_VERSION = 5.0;
				TARGETED_DEVICE_FAMILY = "1,2";
			};
			name = Debug;
		};
		06191DDB26417B170068A4BC /* Release */ = {
			isa = XCBuildConfiguration;
			buildSettings = {
				ASSETCATALOG_COMPILER_APPICON_NAME = AppIcon;
				ASSETCATALOG_COMPILER_GLOBAL_ACCENT_COLOR_NAME = AccentColor;
				CODE_SIGN_STYLE = Automatic;
				DEVELOPMENT_ASSET_PATHS = "\"Weather/Preview Content\"";
				ENABLE_PREVIEWS = YES;
				INFOPLIST_FILE = Weather/Info.plist;
				IPHONEOS_DEPLOYMENT_TARGET = 14.0;
				LD_RUNPATH_SEARCH_PATHS = (
					"$(inherited)",
					"@executable_path/Frameworks",
				);
				PRODUCT_BUNDLE_IDENTIFIER = "radoslaw-mikolajczyk.Weather";
				PRODUCT_NAME = "$(TARGET_NAME)";
				SWIFT_VERSION = 5.0;
				TARGETED_DEVICE_FAMILY = "1,2";
			};
			name = Release;
		};
/* End XCBuildConfiguration section */

/* Begin XCConfigurationList section */
		06191DC526417B130068A4BC /* Build configuration list for PBXProject "Weather" */ = {
			isa = XCConfigurationList;
			buildConfigurations = (
				06191DD726417B170068A4BC /* Debug */,
				06191DD826417B170068A4BC /* Release */,
			);
			defaultConfigurationIsVisible = 0;
			defaultConfigurationName = Release;
		};
		06191DD926417B170068A4BC /* Build configuration list for PBXNativeTarget "Weather" */ = {
			isa = XCConfigurationList;
			buildConfigurations = (
				06191DDA26417B170068A4BC /* Debug */,
				06191DDB26417B170068A4BC /* Release */,
			);
			defaultConfigurationIsVisible = 0;
			defaultConfigurationName = Release;
		};
/* End XCConfigurationList section */
	};
	rootObject = 06191DC226417B130068A4BC /* Project object */;
}
